
Microsoft Visual Studio Solution File, Format Version 12.00
# Visual Studio 2013
VisualStudioVersion = 12.0.21005.1
MinimumVisualStudioVersion = 10.0.40219.1
Project("{FAE04EC0-301F-11D3-BF4B-00C04F79EFBC}") = "RamProject", "RamProject\RamProject.csproj", "{9E5DC7E4-7BD1-4CC6-9B08-2F691BF4BD8D}"
EndProject
Global
	GlobalSection(SolutionConfigurationPlatforms) = preSolution
		Debug|Any CPU = Debug|Any CPU
		Release|Any CPU = Release|Any CPU
	EndGlobalSection
	GlobalSection(ProjectConfigurationPlatforms) = postSolution
		{9E5DC7E4-7BD1-4CC6-9B08-2F691BF4BD8D}.Debug|Any CPU.ActiveCfg = Debug|Any CPU
		{9E5DC7E4-7BD1-4CC6-9B08-2F691BF4BD8D}.Debug|Any CPU.Build.0 = Debug|Any CPU
		{9E5DC7E4-7BD1-4CC6-9B08-2F691BF4BD8D}.Release|Any CPU.ActiveCfg = Release|Any CPU
		{9E5DC7E4-7BD1-4CC6-9B08-2F691BF4BD8D}.Release|Any CPU.Build.0 = Release|Any CPU
	EndGlobalSection
	GlobalSection(SolutionProperties) = preSolution
		HideSolutionNode = FALSE
	EndGlobalSection
EndGlobal
